
Microsoft Visual Studio Solution File, Format Version 12.00
Project("{FAE04EC0-301F-11D3-BF4B-00C04F79EFBC}") = "WolverineCaseStudyElia.Host", "WolverineCaseStudyElia.Host\WolverineCaseStudyElia.Host.csproj", "{4915A55E-E92B-41EA-834B-ED3EB5915C26}"
EndProject
Global
	GlobalSection(SolutionConfigurationPlatforms) = preSolution
		Debug|Any CPU = Debug|Any CPU
		Release|Any CPU = Release|Any CPU
	EndGlobalSection
	GlobalSection(ProjectConfigurationPlatforms) = postSolution
		{4915A55E-E92B-41EA-834B-ED3EB5915C26}.Debug|Any CPU.ActiveCfg = Debug|Any CPU
		{4915A55E-E92B-41EA-834B-ED3EB5915C26}.Debug|Any CPU.Build.0 = Debug|Any CPU
		{4915A55E-E92B-41EA-834B-ED3EB5915C26}.Release|Any CPU.ActiveCfg = Release|Any CPU
		{4915A55E-E92B-41EA-834B-ED3EB5915C26}.Release|Any CPU.Build.0 = Release|Any CPU
	EndGlobalSection
EndGlobal
